
Microsoft Visual Studio Solution File, Format Version 12.00
# Visual Studio 15
VisualStudioVersion = 15.0.26730.12
MinimumVisualStudioVersion = 10.0.40219.1
Project("{FAE04EC0-301F-11D3-BF4B-00C04F79EFBC}") = "EtiquetaDAL", "EtiquetaDAL\EtiquetaDAL.csproj", "{B0CA6709-EDB4-4D10-9A06-16D78D95B305}"
EndProject
Project("{FAE04EC0-301F-11D3-BF4B-00C04F79EFBC}") = "EtiquetaModel", "EtiquetaModel\EtiquetaModel.csproj", "{BA82E207-F64D-47B9-BC49-0C054AA84AE4}"
EndProject
Project("{FAE04EC0-301F-11D3-BF4B-00C04F79EFBC}") = "EtiquetaBioMundo", "EtiquetaBioMundo\EtiquetaBioMundo.csproj", "{08ABE9BF-6A8B-491B-A8BA-3F6770E24FB2}"
EndProject
Project("{FAE04EC0-301F-11D3-BF4B-00C04F79EFBC}") = "EtiquetaBLL", "EtiquetaBLL\EtiquetaBLL.csproj", "{298AA9CB-516F-452C-89E4-5B884C8B57E0}"
EndProject
Global
	GlobalSection(SolutionConfigurationPlatforms) = preSolution
		Debug|Any CPU = Debug|Any CPU
		Release|Any CPU = Release|Any CPU
	EndGlobalSection
	GlobalSection(ProjectConfigurationPlatforms) = postSolution
		{B0CA6709-EDB4-4D10-9A06-16D78D95B305}.Debug|Any CPU.ActiveCfg = Debug|Any CPU
		{B0CA6709-EDB4-4D10-9A06-16D78D95B305}.Debug|Any CPU.Build.0 = Debug|Any CPU
		{B0CA6709-EDB4-4D10-9A06-16D78D95B305}.Release|Any CPU.ActiveCfg = Release|Any CPU
		{B0CA6709-EDB4-4D10-9A06-16D78D95B305}.Release|Any CPU.Build.0 = Release|Any CPU
		{BA82E207-F64D-47B9-BC49-0C054AA84AE4}.Debug|Any CPU.ActiveCfg = Debug|Any CPU
		{BA82E207-F64D-47B9-BC49-0C054AA84AE4}.Debug|Any CPU.Build.0 = Debug|Any CPU
		{BA82E207-F64D-47B9-BC49-0C054AA84AE4}.Release|Any CPU.ActiveCfg = Release|Any CPU
		{BA82E207-F64D-47B9-BC49-0C054AA84AE4}.Release|Any CPU.Build.0 = Release|Any CPU
		{08ABE9BF-6A8B-491B-A8BA-3F6770E24FB2}.Debug|Any CPU.ActiveCfg = Debug|Any CPU
		{08ABE9BF-6A8B-491B-A8BA-3F6770E24FB2}.Debug|Any CPU.Build.0 = Debug|Any CPU
		{08ABE9BF-6A8B-491B-A8BA-3F6770E24FB2}.Release|Any CPU.ActiveCfg = Release|Any CPU
		{08ABE9BF-6A8B-491B-A8BA-3F6770E24FB2}.Release|Any CPU.Build.0 = Release|Any CPU
		{298AA9CB-516F-452C-89E4-5B884C8B57E0}.Debug|Any CPU.ActiveCfg = Debug|Any CPU
		{298AA9CB-516F-452C-89E4-5B884C8B57E0}.Debug|Any CPU.Build.0 = Debug|Any CPU
		{298AA9CB-516F-452C-89E4-5B884C8B57E0}.Release|Any CPU.ActiveCfg = Release|Any CPU
		{298AA9CB-516F-452C-89E4-5B884C8B57E0}.Release|Any CPU.Build.0 = Release|Any CPU
	EndGlobalSection
	GlobalSection(SolutionProperties) = preSolution
		HideSolutionNode = FALSE
	EndGlobalSection
	GlobalSection(ExtensibilityGlobals) = postSolution
		SolutionGuid = {63E6B7B6-1C1A-4907-9025-B12579101876}
	EndGlobalSection
EndGlobal
